
Microsoft Visual Studio Solution File, Format Version 12.00
# Visual Studio Version 17
VisualStudioVersion = 17.8.34525.116
MinimumVisualStudioVersion = 10.0.40219.1
Project("{FAE04EC0-301F-11D3-BF4B-00C04F79EFBC}") = "LocalShoppingDatabase", "LocalShoppingDatabase\LocalShoppingDatabase.csproj", "{33C46947-23F5-482D-9462-A75091FFC7F4}"
EndProject
Global
	GlobalSection(SolutionConfigurationPlatforms) = preSolution
		Debug|Any CPU = Debug|Any CPU
		Release|Any CPU = Release|Any CPU
	EndGlobalSection
	GlobalSection(ProjectConfigurationPlatforms) = postSolution
		{33C46947-23F5-482D-9462-A75091FFC7F4}.Debug|Any CPU.ActiveCfg = Debug|Any CPU
		{33C46947-23F5-482D-9462-A75091FFC7F4}.Debug|Any CPU.Build.0 = Debug|Any CPU
		{33C46947-23F5-482D-9462-A75091FFC7F4}.Debug|Any CPU.Deploy.0 = Debug|Any CPU
		{33C46947-23F5-482D-9462-A75091FFC7F4}.Release|Any CPU.ActiveCfg = Release|Any CPU
		{33C46947-23F5-482D-9462-A75091FFC7F4}.Release|Any CPU.Build.0 = Release|Any CPU
		{33C46947-23F5-482D-9462-A75091FFC7F4}.Release|Any CPU.Deploy.0 = Release|Any CPU
	EndGlobalSection
	GlobalSection(SolutionProperties) = preSolution
		HideSolutionNode = FALSE
	EndGlobalSection
	GlobalSection(ExtensibilityGlobals) = postSolution
		SolutionGuid = {F0BD3922-A902-49A4-A807-3582561C6470}
	EndGlobalSection
EndGlobal
